commit	9a51a0587b3065914d1d01745d2e8b558ce7514f	sadish	https://github.com/MacCracken/sadish.git	0.9.0
7328ec74c1b37e22094a0f22dbd2ecea4dce10700a6ba5122cf1d5bfff3a564e  lib/alloc.cyr
69e92cc4b67f1a936f94c92ce8a4c66673758b84dba385e96fbeaa46fa692b4c  lib/alloc_agnos.cyr
03922b263b4a771d7104c6dcc30b4b029c6fe40ec93fec6a0ee38ec61f7e7dd8  lib/alloc_macos.cyr
299c2c7e203b339a6b97d3ab88d15f3465d72bda018c61e6951819eabd7cc018  lib/alloc_windows.cyr
99f96283da419ad9f01d076269411c3d5214b6007a92d1bbe2356ab906a5d1a1  lib/args_macos.cyr
09cf81bf4f10758da7967a5f6628b2feed53b0fb5e6e11cac0b273725465e6d8  lib/assert.cyr
eeadd5a7b29998c0039a6758687857689b20f83d3d16c74349a403dac39e71a4  lib/atomic.cyr
0236ac247d6b1bd862988661c6eadbc8b56476b473c2aa6fc28740767b9244f1  lib/bench.cyr
8b419c88a1b4ba8d0c45055c443d4e3488e1c73881fdb7512d2731dd49e087ec  lib/fmt.cyr
39ee5f438c5b693c8837eda3138a471aac8f0d10f8bdeb1aea2b737bf1f7937b  lib/fnptr.cyr
caeab60891283121b64c3724eee15ecde0cca22bd4ac3c001fa53250bafd2406  lib/io.cyr
9892d2c32787cdbb5d65b8441bef25d4b8f31942ac4db7500d10aadc43f23632  lib/result.cyr
ae1e5df8e986eda4355e5249b882c2ac5bddf8112a630f5bb253db0b00489e2d  lib/sadish.cyr
8a3e4378e75eefbf7e6d8d098449dbe909f9b9b80a2a72624adb250eb4335c09  lib/str.cyr
a90313240f49f1884f1bc0992daf4ee8538fe707c6998d04e163f775f4f3a1b2  lib/string.cyr
942c760a65fc50f61dfedac20eb5f4f2032b8a955e13450835acff775824b811  lib/syscalls.cyr
260f106fcc228bbade629565954bec7538fa581150d65e57e90c6d0701cf9ebe  lib/syscalls_aarch64_linux.cyr
a098b84c66fa51d4449c21a05ba6be06dd907f7bcc9c375843f4de0e160f5192  lib/syscalls_linux_common.cyr
093532d4028a9dbd78aa177f80714bb1b01b192a91ed0a566c9fab1407bb395c  lib/syscalls_macos.cyr
e34e9cf55e9efe99fb667a3eb845069a9aac5bc7eeff61bc418cb7894fc1b286  lib/syscalls_windows.cyr
f868c1adc40e8d4c4ec3fce9fc178af1df462e0c3b605372d58861b3811fbee3  lib/syscalls_x86_64_agnos.cyr
13a9ab28f22f539050e905f71cde185dc73e0c95f0ed312fdf74473371964e52  lib/syscalls_x86_64_linux.cyr
e46a35925484d3afbfaaac02676f51adaab953608879158d52f1b997fb5920a8  lib/vec.cyr
cyrius	6.6.4
